{
  "name": "qub-telemetry-applicationinsights",
  "version": "1.0.0",
  "lockfileVersion": 1,
  "requires": true,
  "dependencies": {
    "@types/applicationinsights": {
      "version": "0.15.33",
      "resolved": "https://registry.npmjs.org/@types/applicationinsights/-/applicationinsights-0.15.33.tgz",
      "integrity": "sha1-yohXeRuaxSzlKplCXksJrRfrlwg=",
      "dev": true
    },
    "@types/node": {
      "version": "8.0.13",
      "resolved": "https://registry.npmjs.org/@types/node/-/node-8.0.13.tgz",
      "integrity": "sha512-Y3EAG7VA7NVNbZek/fjJtILnmTk/ZfpJuWZGDBqDZ1dVIxgJJJ82fXPW7pKnqyV9CD/9bcPOCi7eErUqGMHOrA==",
      "dev": true
    },
    "applicationinsights": {
      "version": "0.21.0",
      "resolved": "https://registry.npmjs.org/applicationinsights/-/applicationinsights-0.21.0.tgz",
      "integrity": "sha1-Ng9JIrg7wHhMb3TfBjZ+QlOJGWM=",
      "requires": {
        "diagnostic-channel": "0.1.0",
        "diagnostic-channel-publishers": "0.1.3",
        "zone.js": "0.7.6"
      }
    },
    "diagnostic-channel": {
      "version": "0.1.0",
      "resolved": "https://registry.npmjs.org/diagnostic-channel/-/diagnostic-channel-0.1.0.tgz",
      "integrity": "sha1-emrYrVBmusVE2go3m6F0ujYqV88=",
      "requires": {
        "semver": "5.3.0"
      }
    },
    "diagnostic-channel-publishers": {
      "version": "0.1.3",
      "resolved": "https://registry.npmjs.org/diagnostic-channel-publishers/-/diagnostic-channel-publishers-0.1.3.tgz",
      "integrity": "sha1-y9bdEK8e7M1JWsDtZ69fi2hvAKM="
    },
    "qub": {
      "version": "1.2.6",
      "resolved": "https://registry.npmjs.org/qub/-/qub-1.2.6.tgz",
      "integrity": "sha512-UZLh3e10n2oOYWR0zISxeBo6QEQdIn+yvHAx23mVSQVI+WN0Q2CXDWhhT9RQQ8mAH25M3zoasw6EjO0ekUzC0g=="
    },
    "qub-telemetry": {
      "version": "1.0.0",
      "resolved": "https://registry.npmjs.org/qub-telemetry/-/qub-telemetry-1.0.0.tgz",
      "integrity": "sha512-RuqFlzJV9LKc802ugSF4NMf8FZz7s+1SNU7r6EXg94OZ76t5f3qbZtmG9kD5tprhsjj3sEUpxdGSqtt0nI120w==",
      "requires": {
        "qub": "1.2.6"
      }
    },
    "semver": {
      "version": "5.3.0",
      "resolved": "https://registry.npmjs.org/semver/-/semver-5.3.0.tgz",
      "integrity": "sha1-myzl094C0XxgEq0yaqa00M9U+U8="
    },
    "typescript": {
      "version": "2.4.1",
      "resolved": "https://registry.npmjs.org/typescript/-/typescript-2.4.1.tgz",
      "integrity": "sha1-w8yxbdqgsjFN4DHn5v7onlujRrw=",
      "dev": true
    },
    "zone.js": {
      "version": "0.7.6",
      "resolved": "https://registry.npmjs.org/zone.js/-/zone.js-0.7.6.tgz",
      "integrity": "sha1-+7w50+AmHQmG8boGMG6zrrDSIAk="
    }
  }
}
